
Microsoft Visual Studio Solution File, Format Version 12.00
# Visual Studio Version 17
VisualStudioVersion = 17.9.34622.214
MinimumVisualStudioVersion = 10.0.40219.1
Project("{9A19103F-16F7-4668-BE54-9A1E7A4F7556}") = "TaskTodoApi", "TaskTodoApi\TaskTodoApi.csproj", "{651858B8-8598-475C-A1DA-71F149FD1BD9}"
EndProject
Project("{2150E333-8FDC-42A3-9474-1A3956D46DE8}") = "Solution Items", "Solution Items", "{524FB73A-21D4-4D09-93C9-E1E9B388B776}"
	ProjectSection(SolutionItems) = preProject
		.gitignore = .gitignore
	EndProjectSection
EndProject
Global
	GlobalSection(SolutionConfigurationPlatforms) = preSolution
		Debug|Any CPU = Debug|Any CPU
		Release|Any CPU = Release|Any CPU
	EndGlobalSection
	GlobalSection(ProjectConfigurationPlatforms) = postSolution
		{651858B8-8598-475C-A1DA-71F149FD1BD9}.Debug|Any CPU.ActiveCfg = Debug|Any CPU
		{651858B8-8598-475C-A1DA-71F149FD1BD9}.Debug|Any CPU.Build.0 = Debug|Any CPU
		{651858B8-8598-475C-A1DA-71F149FD1BD9}.Release|Any CPU.ActiveCfg = Release|Any CPU
		{651858B8-8598-475C-A1DA-71F149FD1BD9}.Release|Any CPU.Build.0 = Release|Any CPU
	EndGlobalSection
	GlobalSection(SolutionProperties) = preSolution
		HideSolutionNode = FALSE
	EndGlobalSection
	GlobalSection(ExtensibilityGlobals) = postSolution
		SolutionGuid = {BFFD945C-F5AA-412C-9001-6107C71A05A1}
	EndGlobalSection
EndGlobal
